
Microsoft Visual Studio Solution File, Format Version 12.00
# Visual Studio 15
VisualStudioVersion = 15.0.28010.2036
MinimumVisualStudioVersion = 10.0.40219.1
Project("{9A19103F-16F7-4668-BE54-9A1E7A4F7556}") = "Domain", "Domain\Domain.csproj", "{C8D18F44-21BF-4E79-8707-C3C60F9F00AB}"
EndProject
Project("{9A19103F-16F7-4668-BE54-9A1E7A4F7556}") = "Repository", "Repository\Repository.csproj", "{CDFE6EA4-A6F3-4E74-9664-1B2C24928C51}"
EndProject
Project("{9A19103F-16F7-4668-BE54-9A1E7A4F7556}") = "Api", "Api\Api.csproj", "{E923C5A9-3FC9-49B3-8AE8-1B59C2DFB86B}"
EndProject
Project("{FAE04EC0-301F-11D3-BF4B-00C04F79EFBC}") = "Services", "Services\Services.csproj", "{9052D393-6786-4BD8-92C3-6C2BCC6AFDB5}"
EndProject
Global
	GlobalSection(SolutionConfigurationPlatforms) = preSolution
		Debug|Any CPU = Debug|Any CPU
		Release|Any CPU = Release|Any CPU
	EndGlobalSection
	GlobalSection(ProjectConfigurationPlatforms) = postSolution
		{C8D18F44-21BF-4E79-8707-C3C60F9F00AB}.Debug|Any CPU.ActiveCfg = Debug|Any CPU
		{C8D18F44-21BF-4E79-8707-C3C60F9F00AB}.Debug|Any CPU.Build.0 = Debug|Any CPU
		{C8D18F44-21BF-4E79-8707-C3C60F9F00AB}.Release|Any CPU.ActiveCfg = Release|Any CPU
		{C8D18F44-21BF-4E79-8707-C3C60F9F00AB}.Release|Any CPU.Build.0 = Release|Any CPU
		{CDFE6EA4-A6F3-4E74-9664-1B2C24928C51}.Debug|Any CPU.ActiveCfg = Debug|Any CPU
		{CDFE6EA4-A6F3-4E74-9664-1B2C24928C51}.Debug|Any CPU.Build.0 = Debug|Any CPU
		{CDFE6EA4-A6F3-4E74-9664-1B2C24928C51}.Release|Any CPU.ActiveCfg = Release|Any CPU
		{CDFE6EA4-A6F3-4E74-9664-1B2C24928C51}.Release|Any CPU.Build.0 = Release|Any CPU
		{E923C5A9-3FC9-49B3-8AE8-1B59C2DFB86B}.Debug|Any CPU.ActiveCfg = Debug|Any CPU
		{E923C5A9-3FC9-49B3-8AE8-1B59C2DFB86B}.Debug|Any CPU.Build.0 = Debug|Any CPU
		{E923C5A9-3FC9-49B3-8AE8-1B59C2DFB86B}.Release|Any CPU.ActiveCfg = Release|Any CPU
		{E923C5A9-3FC9-49B3-8AE8-1B59C2DFB86B}.Release|Any CPU.Build.0 = Release|Any CPU
		{9052D393-6786-4BD8-92C3-6C2BCC6AFDB5}.Debug|Any CPU.ActiveCfg = Debug|Any CPU
		{9052D393-6786-4BD8-92C3-6C2BCC6AFDB5}.Debug|Any CPU.Build.0 = Debug|Any CPU
		{9052D393-6786-4BD8-92C3-6C2BCC6AFDB5}.Release|Any CPU.ActiveCfg = Release|Any CPU
		{9052D393-6786-4BD8-92C3-6C2BCC6AFDB5}.Release|Any CPU.Build.0 = Release|Any CPU
	EndGlobalSection
	GlobalSection(SolutionProperties) = preSolution
		HideSolutionNode = FALSE
	EndGlobalSection
	GlobalSection(ExtensibilityGlobals) = postSolution
		SolutionGuid = {2A51417A-0E7D-488E-A984-97E5B9304AD5}
		RESX_ExcelExportMode = Text
		RESX_AutoCreateNewLanguageFiles = True
	EndGlobalSection
EndGlobal
